#MicroXplorer Configuration settings - do not modify
Mcu.Family=STM32F4
ProjectManager.MainLocation=Core/Src
ProjectManager.ProjectFileName=007_7_HAL_TIMER_INT_TRIG_IN.ioc
RCC.CortexFreq_Value=16000000
ProjectManager.KeepUserCode=true
Mcu.UserName=STM32F407VGTx
Mcu.PinsNb=4
ProjectManager.NoMain=false
TIM1.IPParameters=Period,Prescaler,TIM_MasterSlaveMode,TIM_MasterOutputTrigger
RCC.PLLCLKFreq_Value=96000000
RCC.PLLQCLKFreq_Value=48000000
ProjectManager.functionlistsort=1-SystemClock_Config-RCC-false-HAL-false
RCC.RTCFreq_Value=32000
ProjectManager.DefaultFWLocation=true
ProjectManager.DeletePrevious=true
PinOutPanel.RotationAngle=0
RCC.FamilyName=M
ProjectManager.StackSize=0x400
VP_TIM2_VS_ControllerModeClock.Signal=TIM2_VS_ControllerModeClock
VP_TIM2_VS_ClockSourceITR.Mode=TriggerSource_ITR0
Mcu.IP4=TIM2
Mcu.IP2=SYS
NVIC.SVCall_IRQn=true\:0\:0\:false\:false\:true\:false\:false
Mcu.IP3=TIM1
Mcu.IP0=NVIC
Mcu.IP1=RCC
TIM1.Prescaler=15999
Mcu.UserConstants=
ProjectManager.TargetToolchain=STM32CubeIDE
Mcu.ThirdPartyNb=0
VP_TIM2_VS_ControllerModeClock.Mode=Clock Mode
Mcu.IPNb=5
RCC.I2SClocksFreq_Value=96000000
TIM2.IPParameters=Period
ProjectManager.PreviousToolchain=
VP_TIM1_VS_ClockSourceINT.Signal=TIM1_VS_ClockSourceINT
RCC.VcooutputI2S=96000000
VP_TIM2_VS_ClockSourceITR.Signal=TIM2_VS_ClockSourceITR
ProjectManager.RegisterCallBack=
RCC.LSE_VALUE=32768
RCC.AHBFreq_Value=16000000
Mcu.Pin0=VP_SYS_VS_Systick
Mcu.Pin1=VP_TIM1_VS_ClockSourceINT
Mcu.Pin2=VP_TIM2_VS_ControllerModeClock
Mcu.Pin3=VP_TIM2_VS_ClockSourceITR
RCC.VCOI2SOutputFreq_Value=192000000
ProjectManager.ProjectBuild=false
RCC.HSE_VALUE=25000000
NVIC.UsageFault_IRQn=true\:0\:0\:false\:false\:true\:false\:false
NVIC.DebugMonitor_IRQn=true\:0\:0\:false\:false\:true\:false\:false
board=custom
RCC.VCOOutputFreq_Value=192000000
NVIC.SysTick_IRQn=true\:0\:0\:false\:false\:true\:false\:true
ProjectManager.LastFirmware=true
ProjectManager.FirmwarePackage=STM32Cube FW_F4 V1.26.2
TIM1.TIM_MasterOutputTrigger=TIM_TRGO_UPDATE
MxDb.Version=DB.6.0.21
RCC.APB2Freq_Value=16000000
ProjectManager.BackupPrevious=false
MxCube.Version=6.2.1
RCC.VCOInputFreq_Value=1000000
File.Version=6
VP_SYS_VS_Systick.Mode=SysTick
NVIC.NonMaskableInt_IRQn=true\:0\:0\:false\:false\:true\:false\:false
NVIC.PendSV_IRQn=true\:0\:0\:false\:false\:true\:false\:false
TIM2.Period=999
ProjectManager.FreePins=false
RCC.IPParameters=AHBFreq_Value,APB1Freq_Value,APB2Freq_Value,CortexFreq_Value,FamilyName,HSE_VALUE,HSI_VALUE,I2SClocksFreq_Value,LSE_VALUE,LSI_VALUE,PLLCLKFreq_Value,PLLQCLKFreq_Value,RTCFreq_Value,RTCHSEDivFreq_Value,SYSCLKFreq_VALUE,VCOI2SOutputFreq_Value,VCOInputFreq_Value,VCOOutputFreq_Value,VcooutputI2S
ProjectManager.AskForMigrate=true
Mcu.Name=STM32F407V(E-G)Tx
ProjectManager.HalAssertFull=false
VP_TIM1_VS_ClockSourceINT.Mode=Internal
RCC.RTCHSEDivFreq_Value=12500000
ProjectManager.ProjectName=007_7_HAL_TIMER_INT_TRIG_IN
ProjectManager.UnderRoot=true
ProjectManager.CoupleFile=false
RCC.SYSCLKFreq_VALUE=16000000
Mcu.Package=LQFP100
NVIC.ForceEnableDMAVector=true
KeepUserPlacement=false
NVIC.MemoryManagement_IRQn=true\:0\:0\:false\:false\:true\:false\:false
ProjectManager.CompilerOptimize=6
ProjectManager.ToolChainLocation=
RCC.LSI_VALUE=32000
VP_SYS_VS_Systick.Signal=SYS_VS_Systick
ProjectManager.HeapSize=0x200
NVIC.HardFault_IRQn=true\:0\:0\:false\:false\:true\:false\:false
ProjectManager.ComputerToolchain=false
RCC.HSI_VALUE=16000000
NVIC.PriorityGroup=NVIC_PRIORITYGROUP_4
NVIC.BusFault_IRQn=true\:0\:0\:false\:false\:true\:false\:false
TIM1.Period=999
RCC.APB1Freq_Value=16000000
ProjectManager.CustomerFirmwarePackage=
ProjectManager.DeviceId=STM32F407VGTx
ProjectManager.LibraryCopy=1
TIM1.TIM_MasterSlaveMode=TIM_MASTERSLAVEMODE_ENABLE
isbadioc=false
